
Microsoft Visual Studio Solution File, Format Version 12.00
# Visual Studio Version 16
VisualStudioVersion = 16.0.33423.256
MinimumVisualStudioVersion = 10.0.40219.1
Project("{9A19103F-16F7-4668-BE54-9A1E7A4F7556}") = "MomentCaptureBlog", "MomentCaptureBlog\MomentCaptureBlog.csproj", "{07709E40-9DFE-4B55-81DA-EDC3CA464630}"
EndProject
Global
	GlobalSection(SolutionConfigurationPlatforms) = preSolution
		Debug|Any CPU = Debug|Any CPU
		Release|Any CPU = Release|Any CPU
	EndGlobalSection
	GlobalSection(ProjectConfigurationPlatforms) = postSolution
		{07709E40-9DFE-4B55-81DA-EDC3CA464630}.Debug|Any CPU.ActiveCfg = Debug|Any CPU
		{07709E40-9DFE-4B55-81DA-EDC3CA464630}.Debug|Any CPU.Build.0 = Debug|Any CPU
		{07709E40-9DFE-4B55-81DA-EDC3CA464630}.Release|Any CPU.ActiveCfg = Release|Any CPU
		{07709E40-9DFE-4B55-81DA-EDC3CA464630}.Release|Any CPU.Build.0 = Release|Any CPU
	EndGlobalSection
	GlobalSection(SolutionProperties) = preSolution
		HideSolutionNode = FALSE
	EndGlobalSection
	GlobalSection(ExtensibilityGlobals) = postSolution
		SolutionGuid = {E3B28AF0-1F98-48F3-B5EE-6F3B77574B73}
	EndGlobalSection
EndGlobal
